// !$*UTF8*$!
{
	archiveVersion = 1;
	classes = {
	};
	objectVersion = 46;
	objects = {

/* Begin PBXBuildFile section */
		84225D301E63E1140078EC45 /* AppDelegate.swift in Sources */ = {isa = PBXBuildFile; fileRef = 84225D2F1E63E1140078EC45 /* AppDelegate.swift */; };
		84225D321E63E1140078EC45 /* ViewController.swift in Sources */ = {isa = PBXBuildFile; fileRef = 84225D311E63E1140078EC45 /* ViewController.swift */; };
		84225D351E63E1140078EC45 /* Main.storyboard in Resources */ = {isa = PBXBuildFile; fileRef = 84225D331E63E1140078EC45 /* Main.storyboard */; };
		84225D371E63E1140078EC45 /* Assets.xcassets in Resources */ = {isa = PBXBuildFile; fileRef = 84225D361E63E1140078EC45 /* Assets.xcassets */; };
		84225D3A1E63E1140078EC45 /* LaunchScreen.storyboard in Resources */ = {isa = PBXBuildFile; fileRef = 84225D381E63E1140078EC45 /* LaunchScreen.storyboard */; };
/* End PBXBuildFile section */

/* Begin PBXFileReference section */
		84225D2C1E63E1140078EC45 /* ViewMusic.app */ = {isa = PBXFileReference; explicitFileType = wrapper.application; includeInIndex = 0; path = ViewMusic.app; sourceTree = BUILT_PRODUCTS_DIR; };
		84225D2F1E63E1140078EC45 /* AppDelegate.swift */ = {isa = PBXFileReference; lastKnownFileType = sourcecode.swift; path = AppDelegate.swift; sourceTree = "<group>"; };
		84225D311E63E1140078EC45 /* ViewController.swift */ = {isa = PBXFileReference; lastKnownFileType = sourcecode.swift; path = ViewController.swift; sourceTree = "<group>"; };
		84225D341E63E1140078EC45 /* Base */ = {isa = PBXFileReference; lastKnownFileType = file.storyboard; name = Base; path = Base.lproj/Main.storyboard; sourceTree = "<group>"; };
		84225D361E63E1140078EC45 /* Assets.xcassets */ = {isa = PBXFileReference; lastKnownFileType = folder.assetcatalog; path = Assets.xcassets; sourceTree = "<group>"; };
		84225D391E63E1140078EC45 /* Base */ = {isa = PBXFileReference; lastKnownFileType = file.storyboard; name = Base; path = Base.lproj/LaunchScreen.storyboard; sourceTree = "<group>"; };
		84225D3B1E63E1140078EC45 /* Info.plist */ = {isa = PBXFileReference; lastKnownFileType = text.plist.xml; path = Info.plist; sourceTree = "<group>"; };
/* End PBXFileReference section */

/* Begin PBXFrameworksBuildPhase section */
		84225D291E63E1140078EC45 /* Frameworks */ = {
			isa = PBXFrameworksBuildPhase;
			buildActionMask = 2147483647;
			files = (
			);
			runOnlyForDeploymentPostprocessing = 0;
		};
/* End PBXFrameworksBuildPhase section */

/* Begin PBXGroup section */
		84225D231E63E1140078EC45 = {
			isa = PBXGroup;
			children = (
				84225D2E1E63E1140078EC45 /* ViewMusic */,
				84225D2D1E63E1140078EC45 /* Products */,
			);
			sourceTree = "<group>";
		};
		84225D2D1E63E1140078EC45 /* Products */ = {
			isa = PBXGroup;
			children = (
				84225D2C1E63E1140078EC45 /* ViewMusic.app */,
			);
			name = Products;
			sourceTree = "<group>";
		};
		84225D2E1E63E1140078EC45 /* ViewMusic */ = {
			isa = PBXGroup;
			children = (
				84A8E09C1E668E0C0065AC20 /* Supporting files */,
				84225D311E63E1140078EC45 /* ViewController.swift */,
				84225D331E63E1140078EC45 /* Main.storyboard */,
			);
			path = ViewMusic;
			sourceTree = "<group>";
		};
		84A8E09C1E668E0C0065AC20 /* Supporting files */ = {
			isa = PBXGroup;
			children = (
				84225D2F1E63E1140078EC45 /* AppDelegate.swift */,
				84225D361E63E1140078EC45 /* Assets.xcassets */,
				84225D381E63E1140078EC45 /* LaunchScreen.storyboard */,
				84225D3B1E63E1140078EC45 /* Info.plist */,
			);
			name = "Supporting files";
			sourceTree = "<group>";
		};
/* End PBXGroup section */

/* Begin PBXNativeTarget section */
		84225D2B1E63E1140078EC45 /* ViewMusic */ = {
			isa = PBXNativeTarget;
			buildConfigurationList = 84225D3E1E63E1140078EC45 /* Build configuration list for PBXNativeTarget "ViewMusic" */;
			buildPhases = (
				84225D281E63E1140078EC45 /* Sources */,
				84225D291E63E1140078EC45 /* Frameworks */,
				84225D2A1E63E1140078EC45 /* Resources */,
			);
			buildRules = (
			);
			dependencies = (
			);
			name = ViewMusic;
			productName = ViewMusic;
			productReference = 84225D2C1E63E1140078EC45 /* ViewMusic.app */;
			productType = "com.apple.product-type.application";
		};
/* End PBXNativeTarget section */

/* Begin PBXProject section */
		84225D241E63E1140078EC45 /* Project object */ = {
			isa = PBXProject;
			attributes = {
				LastSwiftUpdateCheck = 0800;
				LastUpgradeCheck = 0800;
				ORGANIZATIONNAME = "Matan alpha";
				TargetAttributes = {
					84225D2B1E63E1140078EC45 = {
						CreatedOnToolsVersion = 8.0;
						DevelopmentTeam = 75AN772JUN;
						ProvisioningStyle = Automatic;
					};
				};
			};
			buildConfigurationList = 84225D271E63E1140078EC45 /* Build configuration list for PBXProject "ViewMusic" */;
			compatibilityVersion = "Xcode 3.2";
			developmentRegion = English;
			hasScannedForEncodings = 0;
			knownRegions = (
				en,
				Base,
			);
			mainGroup = 84225D231E63E1140078EC45;
			productRefGroup = 84225D2D1E63E1140078EC45 /* Products */;
			projectDirPath = "";
			projectRoot = "";
			targets = (
				84225D2B1E63E1140078EC45 /* ViewMusic */,
			);
		};
/* End PBXProject section */

/* Begin PBXResourcesBuildPhase section */
		84225D2A1E63E1140078EC45 /* Resources */ = {
			isa = PBXResourcesBuildPhase;
			buildActionMask = 2147483647;
			files = (
				84225D3A1E63E1140078EC45 /* LaunchScreen.storyboard in Resources */,
				84225D371E63E1140078EC45 /* Assets.xcassets in Resources */,
				84225D351E63E1140078EC45 /* Main.storyboard in Resources */,
			);
			runOnlyForDeploymentPostprocessing = 0;
		};
/* End PBXResourcesBuildPhase section */

/* Begin PBXSourcesBuildPhase section */
		84225D281E63E1140078EC45 /* Sources */ = {
			isa = PBXSourcesBuildPhase;
			buildActionMask = 2147483647;
			files = (
				84225D321E63E1140078EC45 /* ViewController.swift in Sources */,
				84225D301E63E1140078EC45 /* AppDelegate.swift in Sources */,
			);
			runOnlyForDeploymentPostprocessing = 0;
		};
/* End PBXSourcesBuildPhase section */

/* Begin PBXVariantGroup section */
		84225D331E63E1140078EC45 /* Main.storyboard */ = {
			isa = PBXVariantGroup;
			children = (
				84225D341E63E1140078EC45 /* Base */,
			);
			name = Main.storyboard;
			sourceTree = "<group>";
		};
		84225D381E63E1140078EC45 /* LaunchScreen.storyboard */ = {
			isa = PBXVariantGroup;
			children = (
				84225D391E63E1140078EC45 /* Base */,
			);
			name = LaunchScreen.storyboard;
			sourceTree = "<group>";
		};
/* End PBXVariantGroup section */

/* Begin XCBuildConfiguration section */
		84225D3C1E63E1140078EC45 /* Debug */ = {
			isa = XCBuildConfiguration;
			buildSettings = {
				ALWAYS_SEARCH_USER_PATHS = NO;
				CLANG_ANALYZER_NONNULL = YES;
				CLANG_CXX_LANGUAGE_STANDARD = "gnu++0x";
				CLANG_CXX_LIBRARY = "libc++";
				CLANG_ENABLE_MODULES = YES;
				CLANG_ENABLE_OBJC_ARC = YES;
				CLANG_WARN_BOOL_CONVERSION = YES;
				CLANG_WARN_CONSTANT_CONVERSION = YES;
				CLANG_WARN_DIRECT_OBJC_ISA_USAGE = YES_ERROR;
				CLANG_WARN_DOCUMENTATION_COMMENTS = YES;
				CLANG_WARN_EMPTY_BODY = YES;
				CLANG_WARN_ENUM_CONVERSION = YES;
				CLANG_WARN_INFINITE_RECURSION = YES;
				CLANG_WARN_INT_CONVERSION = YES;
				CLANG_WARN_OBJC_ROOT_CLASS = YES_ERROR;
				CLANG_WARN_SUSPICIOUS_MOVES = YES;
				CLANG_WARN_UNREACHABLE_CODE = YES;
				CLANG_WARN__DUPLICATE_METHOD_MATCH = YES;
				"CODE_SIGN_IDENTITY[sdk=iphoneos*]" = "iPhone Developer";
				COPY_PHASE_STRIP = NO;
				DEBUG_INFORMATION_FORMAT = dwarf;
				ENABLE_STRICT_OBJC_MSGSEND = YES;
				ENABLE_TESTABILITY = YES;
				GCC_C_LANGUAGE_STANDARD = gnu99;
				GCC_DYNAMIC_NO_PIC = NO;
				GCC_NO_COMMON_BLOCKS = YES;
				GCC_OPTIMIZATION_LEVEL = 0;
				GCC_PREPROCESSOR_DEFINITIONS = (
					"DEBUG=1",
					"$(inherited)",
				);
				GCC_WARN_64_TO_32_BIT_CONVERSION = YES;
				GCC_WARN_ABOUT_RETURN_TYPE = YES_ERROR;
				GCC_WARN_UNDECLARED_SELECTOR = YES;
				GCC_WARN_UNINITIALIZED_AUTOS = YES_AGGRESSIVE;
				GCC_WARN_UNUSED_FUNCTION = YES;
				GCC_WARN_UNUSED_VARIABLE = YES;
				IPHONEOS_DEPLOYMENT_TARGET = 10.0;
				MTL_ENABLE_DEBUG_INFO = YES;
				ONLY_ACTIVE_ARCH = YES;
				SDKROOT = iphoneos;
				SWIFT_ACTIVE_COMPILATION_CONDITIONS = DEBUG;
				SWIFT_OPTIMIZATION_LEVEL = "-Onone";
				TARGETED_DEVICE_FAMILY = "1,2";
			};
			name = Debug;
		};
		84225D3D1E63E1140078EC45 /* Release */ = {
			isa = XCBuildConfiguration;
			buildSettings = {
				ALWAYS_SEARCH_USER_PATHS = NO;
				CLANG_ANALYZER_NONNULL = YES;
				CLANG_CXX_LANGUAGE_STANDARD = "gnu++0x";
				CLANG_CXX_LIBRARY = "libc++";
				CLANG_ENABLE_MODULES = YES;
				CLANG_ENABLE_OBJC_ARC = YES;
				CLANG_WARN_BOOL_CONVERSION = YES;
				CLANG_WARN_CONSTANT_CONVERSION = YES;
				CLANG_WARN_DIRECT_OBJC_ISA_USAGE = YES_ERROR;
				CLANG_WARN_DOCUMENTATION_COMMENTS = YES;
				CLANG_WARN_EMPTY_BODY = YES;
				CLANG_WARN_ENUM_CONVERSION = YES;
				CLANG_WARN_INFINITE_RECURSION = YES;
				CLANG_WARN_INT_CONVERSION = YES;
				CLANG_WARN_OBJC_ROOT_CLASS = YES_ERROR;
				CLANG_WARN_SUSPICIOUS_MOVES = YES;
				CLANG_WARN_UNREACHABLE_CODE = YES;
				CLANG_WARN__DUPLICATE_METHOD_MATCH = YES;
				"CODE_SIGN_IDENTITY[sdk=iphoneos*]" = "iPhone Developer";
				COPY_PHASE_STRIP = NO;
				DEBUG_INFORMATION_FORMAT = "dwarf-with-dsym";
				ENABLE_NS_ASSERTIONS = NO;
				ENABLE_STRICT_OBJC_MSGSEND = YES;
				GCC_C_LANGUAGE_STANDARD = gnu99;
				GCC_NO_COMMON_BLOCKS = YES;
				GCC_WARN_64_TO_32_BIT_CONVERSION = YES;
				GCC_WARN_ABOUT_RETURN_TYPE = YES_ERROR;
				GCC_WARN_UNDECLARED_SELECTOR = YES;
				GCC_WARN_UNINITIALIZED_AUTOS = YES_AGGRESSIVE;
				GCC_WARN_UNUSED_FUNCTION = YES;
				GCC_WARN_UNUSED_VARIABLE = YES;
				IPHONEOS_DEPLOYMENT_TARGET = 10.0;
				MTL_ENABLE_DEBUG_INFO = NO;
				SDKROOT = iphoneos;
				SWIFT_OPTIMIZATION_LEVEL = "-Owholemodule";
				TARGETED_DEVICE_FAMILY = "1,2";
				VALIDATE_PRODUCT = YES;
			};
			name = Release;
		};
		84225D3F1E63E1140078EC45 /* Debug */ = {
			isa = XCBuildConfiguration;
			buildSettings = {
				ASSETCATALOG_COMPILER_APPICON_NAME = AppIcon;
				DEVELOPMENT_TEAM = 75AN772JUN;
				INFOPLIST_FILE = ViewMusic/Info.plist;
				IPHONEOS_DEPLOYMENT_TARGET = 9.3;
				LD_RUNPATH_SEARCH_PATHS = "$(inherited) @executable_path/Frameworks";
				PRODUCT_BUNDLE_IDENTIFIER = il.co.kimaia.MusicView;
				PRODUCT_NAME = "$(TARGET_NAME)";
				SWIFT_VERSION = 3.0;
			};
			name = Debug;
		};
		84225D401E63E1140078EC45 /* Release */ = {
			isa = XCBuildConfiguration;
			buildSettings = {
				ASSETCATALOG_COMPILER_APPICON_NAME = AppIcon;
				DEVELOPMENT_TEAM = 75AN772JUN;
				INFOPLIST_FILE = ViewMusic/Info.plist;
				IPHONEOS_DEPLOYMENT_TARGET = 9.3;
				LD_RUNPATH_SEARCH_PATHS = "$(inherited) @executable_path/Frameworks";
				PRODUCT_BUNDLE_IDENTIFIER = il.co.kimaia.MusicView;
				PRODUCT_NAME = "$(TARGET_NAME)";
				SWIFT_VERSION = 3.0;
			};
			name = Release;
		};
/* End XCBuildConfiguration section */

/* Begin XCConfigurationList section */
		84225D271E63E1140078EC45 /* Build configuration list for PBXProject "ViewMusic" */ = {
			isa = XCConfigurationList;
			buildConfigurations = (
				84225D3C1E63E1140078EC45 /* Debug */,
				84225D3D1E63E1140078EC45 /* Release */,
			);
			defaultConfigurationIsVisible = 0;
			defaultConfigurationName = Release;
		};
		84225D3E1E63E1140078EC45 /* Build configuration list for PBXNativeTarget "ViewMusic" */ = {
			isa = XCConfigurationList;
			buildConfigurations = (
				84225D3F1E63E1140078EC45 /* Debug */,
				84225D401E63E1140078EC45 /* Release */,
			);
			defaultConfigurationIsVisible = 0;
			defaultConfigurationName = Release;
		};
/* End XCConfigurationList section */
	};
	rootObject = 84225D241E63E1140078EC45 /* Project object */;
}
